github.com/gethinode/mod-compatibility v1.0.0 h1:REzZQnB691yhoTxWfr1Ry+zP20aJsTC5vbUathYrN7E=
github.com/gethinode/mod-compatibility v1.0.0/go.mod h1:Q5cMRPjohB2ocodMmIj07AIj2g1oJyepbk9qcGsLB/c=
github.com/gethinode/mod-compatibility v1.0.1 h1:3mSJpDYOcdo8clw8jlY4+7jns3Nc/UDXj9At2S77IQ0=
github.com/gethinode/mod-compatibility v1.0.1/go.mod h1:Q5cMRPjohB2ocodMmIj07AIj2g1oJyepbk9qcGsLB/c=
github.com/gethinode/mod-utils/v2 v2.10.0 h1:2GN6f3wcu/TlbzPD6DFlWyx+KomXz6LnBv7mfPIXB6o=
github.com/gethinode/mod-utils/v2 v2.10.0/go.mod h1:GTYeknoLujNjfDxI+V9Dcug26CYJSTJ0B/U2dagw9oY=
